
Microsoft Visual Studio Solution File, Format Version 12.00
# Visual Studio Version 16
VisualStudioVersion = 16.0.31112.23
MinimumVisualStudioVersion = 10.0.40219.1
Project("{FAE04EC0-301F-11D3-BF4B-00C04F79EFBC}") = "ErbosanUygulama", "ErbosanUygulama.csproj", "{1908F0E6-7AF8-4421-A6FD-029BD0F2BF33}"
EndProject
Global
	GlobalSection(SolutionConfigurationPlatforms) = preSolution
		Debug|Any CPU = Debug|Any CPU
		Release|Any CPU = Release|Any CPU
	EndGlobalSection
	GlobalSection(ProjectConfigurationPlatforms) = postSolution
		{1908F0E6-7AF8-4421-A6FD-029BD0F2BF33}.Debug|Any CPU.ActiveCfg = Debug|Any CPU
		{1908F0E6-7AF8-4421-A6FD-029BD0F2BF33}.Debug|Any CPU.Build.0 = Debug|Any CPU
		{1908F0E6-7AF8-4421-A6FD-029BD0F2BF33}.Release|Any CPU.ActiveCfg = Release|Any CPU
		{1908F0E6-7AF8-4421-A6FD-029BD0F2BF33}.Release|Any CPU.Build.0 = Release|Any CPU
	EndGlobalSection
	GlobalSection(SolutionProperties) = preSolution
		HideSolutionNode = FALSE
	EndGlobalSection
	GlobalSection(ExtensibilityGlobals) = postSolution
		SolutionGuid = {39694D19-D51C-4D39-B32A-CAAE75B91EC8}
	EndGlobalSection
EndGlobal
